github.com/codemodify/systemkit-logging v1.9.3 h1:ZcKRdKSnQErYriY7WTMreuEyw7aoMO+9m/QRm3aM11E=
github.com/codemodify/systemkit-logging v1.9.3/go.mod h1:aTT5ZIgAiVURSNMcmXFPfnTfq+af5T+xrpf0Q5sNmNU=
github.com/codemodify/systemkit-service-spec v1.9.3 h1:2q71TKXZSWyTS0sQVVmtIdyHRCguHZycLuBlq5YumNw=
github.com/codemodify/systemkit-service-spec v1.9.3/go.mod h1:/NEgzAipEOtSOEkj3IKZXjGSXJKBz97VWC3DZWjslaI=
